
Microsoft Visual Studio Solution File, Format Version 12.00
# Visual Studio Version 16
VisualStudioVersion = 16.0.30114.105
MinimumVisualStudioVersion = 10.0.40219.1
Project("{FAE04EC0-301F-11D3-BF4B-00C04F79EFBC}") = "Calculator App MOO ICT", "Calculator App MOO ICT\Calculator App MOO ICT.csproj", "{E94ABD56-431F-4868-8A33-E51F60594E0E}"
EndProject
Global
	GlobalSection(SolutionConfigurationPlatforms) = preSolution
		Debug|Any CPU = Debug|Any CPU
		Release|Any CPU = Release|Any CPU
	EndGlobalSection
	GlobalSection(ProjectConfigurationPlatforms) = postSolution
		{E94ABD56-431F-4868-8A33-E51F60594E0E}.Debug|Any CPU.ActiveCfg = Debug|Any CPU
		{E94ABD56-431F-4868-8A33-E51F60594E0E}.Debug|Any CPU.Build.0 = Debug|Any CPU
		{E94ABD56-431F-4868-8A33-E51F60594E0E}.Release|Any CPU.ActiveCfg = Release|Any CPU
		{E94ABD56-431F-4868-8A33-E51F60594E0E}.Release|Any CPU.Build.0 = Release|Any CPU
	EndGlobalSection
	GlobalSection(SolutionProperties) = preSolution
		HideSolutionNode = FALSE
	EndGlobalSection
	GlobalSection(ExtensibilityGlobals) = postSolution
		SolutionGuid = {88C4D399-8827-409C-BE15-55BC90E3CBEF}
	EndGlobalSection
EndGlobal
